
Microsoft Visual Studio Solution File, Format Version 12.00
# Visual Studio Version 17
VisualStudioVersion = 17.9.34622.214
MinimumVisualStudioVersion = 10.0.40219.1
Project("{FAE04EC0-301F-11D3-BF4B-00C04F79EFBC}") = "Bloc_notes", "Bloc_notes.csproj", "{8A55BE91-F96A-4B00-A52F-C8649522735C}"
EndProject
Global
	GlobalSection(SolutionConfigurationPlatforms) = preSolution
		Debug|Any CPU = Debug|Any CPU
		Release|Any CPU = Release|Any CPU
	EndGlobalSection
	GlobalSection(ProjectConfigurationPlatforms) = postSolution
		{8A55BE91-F96A-4B00-A52F-C8649522735C}.Debug|Any CPU.ActiveCfg = Debug|Any CPU
		{8A55BE91-F96A-4B00-A52F-C8649522735C}.Debug|Any CPU.Build.0 = Debug|Any CPU
		{8A55BE91-F96A-4B00-A52F-C8649522735C}.Release|Any CPU.ActiveCfg = Release|Any CPU
		{8A55BE91-F96A-4B00-A52F-C8649522735C}.Release|Any CPU.Build.0 = Release|Any CPU
	EndGlobalSection
	GlobalSection(SolutionProperties) = preSolution
		HideSolutionNode = FALSE
	EndGlobalSection
	GlobalSection(ExtensibilityGlobals) = postSolution
		SolutionGuid = {AC08962A-AD23-4A41-A369-E43BDE06E0D6}
	EndGlobalSection
EndGlobal
